
Microsoft Visual Studio Solution File, Format Version 12.00
# Visual Studio Version 17
VisualStudioVersion = 17.5.33530.505
MinimumVisualStudioVersion = 10.0.40219.1
Project("{FAE04EC0-301F-11D3-BF4B-00C04F79EFBC}") = "Assignment4", "Assignment4.csproj", "{42A69662-4E1A-41C2-8410-B89455E966E7}"
EndProject
Global
	GlobalSection(SolutionConfigurationPlatforms) = preSolution
		Debug|Any CPU = Debug|Any CPU
		Release|Any CPU = Release|Any CPU
	EndGlobalSection
	GlobalSection(ProjectConfigurationPlatforms) = postSolution
		{42A69662-4E1A-41C2-8410-B89455E966E7}.Debug|Any CPU.ActiveCfg = Debug|Any CPU
		{42A69662-4E1A-41C2-8410-B89455E966E7}.Debug|Any CPU.Build.0 = Debug|Any CPU
		{42A69662-4E1A-41C2-8410-B89455E966E7}.Release|Any CPU.ActiveCfg = Release|Any CPU
		{42A69662-4E1A-41C2-8410-B89455E966E7}.Release|Any CPU.Build.0 = Release|Any CPU
	EndGlobalSection
	GlobalSection(SolutionProperties) = preSolution
		HideSolutionNode = FALSE
	EndGlobalSection
	GlobalSection(ExtensibilityGlobals) = postSolution
		SolutionGuid = {3C90FE0E-42AE-4483-9660-C13DF3E7071B}
	EndGlobalSection
EndGlobal
